
Microsoft Visual Studio Solution File, Format Version 12.00
# Visual Studio Version 16
VisualStudioVersion = 16.0.31605.320
MinimumVisualStudioVersion = 10.0.40219.1
Project("{FAE04EC0-301F-11D3-BF4B-00C04F79EFBC}") = "SpotMusic", "SpotMusic\SpotMusic.csproj", "{6B4AC48E-CC44-4ECF-89D3-94DF8E5E1D9B}"
EndProject
Project("{FAE04EC0-301F-11D3-BF4B-00C04F79EFBC}") = "Domain", "Domain\Domain.csproj", "{C3D84603-F4E7-4A16-BD0A-4BE38CF5D84B}"
EndProject
Project("{2150E333-8FDC-42A3-9474-1A3956D46DE8}") = "Solution Items", "Solution Items", "{AB668D59-F76E-4C0B-8AA4-7C181940C585}"
	ProjectSection(SolutionItems) = preProject
		README.md = README.md
	EndProjectSection
EndProject
Project("{FAE04EC0-301F-11D3-BF4B-00C04F79EFBC}") = "WebApi", "WebApi\WebApi.csproj", "{B0F940EA-7603-4B74-BCE8-70A30DCD956F}"
EndProject
Project("{FAE04EC0-301F-11D3-BF4B-00C04F79EFBC}") = "Data", "Data\Data.csproj", "{E1C670A9-A6A2-4ECB-BC29-398324C10C57}"
EndProject
Global
	GlobalSection(SolutionConfigurationPlatforms) = preSolution
		Debug|Any CPU = Debug|Any CPU
		Release|Any CPU = Release|Any CPU
	EndGlobalSection
	GlobalSection(ProjectConfigurationPlatforms) = postSolution
		{6B4AC48E-CC44-4ECF-89D3-94DF8E5E1D9B}.Debug|Any CPU.ActiveCfg = Debug|Any CPU
		{6B4AC48E-CC44-4ECF-89D3-94DF8E5E1D9B}.Debug|Any CPU.Build.0 = Debug|Any CPU
		{6B4AC48E-CC44-4ECF-89D3-94DF8E5E1D9B}.Release|Any CPU.ActiveCfg = Release|Any CPU
		{6B4AC48E-CC44-4ECF-89D3-94DF8E5E1D9B}.Release|Any CPU.Build.0 = Release|Any CPU
		{C3D84603-F4E7-4A16-BD0A-4BE38CF5D84B}.Debug|Any CPU.ActiveCfg = Debug|Any CPU
		{C3D84603-F4E7-4A16-BD0A-4BE38CF5D84B}.Debug|Any CPU.Build.0 = Debug|Any CPU
		{C3D84603-F4E7-4A16-BD0A-4BE38CF5D84B}.Release|Any CPU.ActiveCfg = Release|Any CPU
		{C3D84603-F4E7-4A16-BD0A-4BE38CF5D84B}.Release|Any CPU.Build.0 = Release|Any CPU
		{B0F940EA-7603-4B74-BCE8-70A30DCD956F}.Debug|Any CPU.ActiveCfg = Debug|Any CPU
		{B0F940EA-7603-4B74-BCE8-70A30DCD956F}.Debug|Any CPU.Build.0 = Debug|Any CPU
		{B0F940EA-7603-4B74-BCE8-70A30DCD956F}.Release|Any CPU.ActiveCfg = Release|Any CPU
		{B0F940EA-7603-4B74-BCE8-70A30DCD956F}.Release|Any CPU.Build.0 = Release|Any CPU
		{E1C670A9-A6A2-4ECB-BC29-398324C10C57}.Debug|Any CPU.ActiveCfg = Debug|Any CPU
		{E1C670A9-A6A2-4ECB-BC29-398324C10C57}.Debug|Any CPU.Build.0 = Debug|Any CPU
		{E1C670A9-A6A2-4ECB-BC29-398324C10C57}.Release|Any CPU.ActiveCfg = Release|Any CPU
		{E1C670A9-A6A2-4ECB-BC29-398324C10C57}.Release|Any CPU.Build.0 = Release|Any CPU
	EndGlobalSection
	GlobalSection(SolutionProperties) = preSolution
		HideSolutionNode = FALSE
	EndGlobalSection
	GlobalSection(ExtensibilityGlobals) = postSolution
		SolutionGuid = {382210D3-164A-4A20-BAC7-0C7F25EC48F3}
	EndGlobalSection
EndGlobal
